// !$*UTF8*$!
{
	archiveVersion = 1;
	classes = {
	};
	objectVersion = 50;
	objects = {

/* Begin PBXBuildFile section */
		CFE5A2B022E16B39006172BF /* AppDelegate.swift in Sources */ = {isa = PBXBuildFile; fileRef = CFE5A2AF22E16B39006172BF /* AppDelegate.swift */; };
		CFE5A2B222E16B39006172BF /* ViewController.swift in Sources */ = {isa = PBXBuildFile; fileRef = CFE5A2B122E16B39006172BF /* ViewController.swift */; };
		CFE5A2B522E16B39006172BF /* Main.storyboard in Resources */ = {isa = PBXBuildFile; fileRef = CFE5A2B322E16B39006172BF /* Main.storyboard */; };
		CFE5A2B722E16B3B006172BF /* Assets.xcassets in Resources */ = {isa = PBXBuildFile; fileRef = CFE5A2B622E16B3B006172BF /* Assets.xcassets */; };
		CFE5A2BA22E16B3B006172BF /* LaunchScreen.storyboard in Resources */ = {isa = PBXBuildFile; fileRef = CFE5A2B822E16B3B006172BF /* LaunchScreen.storyboard */; };
		CFE5A2C322E16C16006172BF /* CustomCollectionViewCell.swift in Sources */ = {isa = PBXBuildFile; fileRef = CFE5A2C122E16C16006172BF /* CustomCollectionViewCell.swift */; };
		CFE5A2C422E16C16006172BF /* CustomCollectionViewCell.xib in Resources */ = {isa = PBXBuildFile; fileRef = CFE5A2C222E16C16006172BF /* CustomCollectionViewCell.xib */; };
/* End PBXBuildFile section */

/* Begin PBXFileReference section */
		CFE5A2AC22E16B39006172BF /* WebAPIProject.app */ = {isa = PBXFileReference; explicitFileType = wrapper.application; includeInIndex = 0; path = WebAPIProject.app; sourceTree = BUILT_PRODUCTS_DIR; };
		CFE5A2AF22E16B39006172BF /* AppDelegate.swift */ = {isa = PBXFileReference; lastKnownFileType = sourcecode.swift; path = AppDelegate.swift; sourceTree = "<group>"; };
		CFE5A2B122E16B39006172BF /* ViewController.swift */ = {isa = PBXFileReference; lastKnownFileType = sourcecode.swift; path = ViewController.swift; sourceTree = "<group>"; };
		CFE5A2B422E16B39006172BF /* Base */ = {isa = PBXFileReference; lastKnownFileType = file.storyboard; name = Base; path = Base.lproj/Main.storyboard; sourceTree = "<group>"; };
		CFE5A2B622E16B3B006172BF /* Assets.xcassets */ = {isa = PBXFileReference; lastKnownFileType = folder.assetcatalog; path = Assets.xcassets; sourceTree = "<group>"; };
		CFE5A2B922E16B3B006172BF /* Base */ = {isa = PBXFileReference; lastKnownFileType = file.storyboard; name = Base; path = Base.lproj/LaunchScreen.storyboard; sourceTree = "<group>"; };
		CFE5A2BB22E16B3B006172BF /* Info.plist */ = {isa = PBXFileReference; lastKnownFileType = text.plist.xml; path = Info.plist; sourceTree = "<group>"; };
		CFE5A2C122E16C16006172BF /* CustomCollectionViewCell.swift */ = {isa = PBXFileReference; lastKnownFileType = sourcecode.swift; path = CustomCollectionViewCell.swift; sourceTree = "<group>"; };
		CFE5A2C222E16C16006172BF /* CustomCollectionViewCell.xib */ = {isa = PBXFileReference; lastKnownFileType = file.xib; path = CustomCollectionViewCell.xib; sourceTree = "<group>"; };
/* End PBXFileReference section */

/* Begin PBXFrameworksBuildPhase section */
		CFE5A2A922E16B39006172BF /* Frameworks */ = {
			isa = PBXFrameworksBuildPhase;
			buildActionMask = 2147483647;
			files = (
			);
			runOnlyForDeploymentPostprocessing = 0;
		};
/* End PBXFrameworksBuildPhase section */

/* Begin PBXGroup section */
		CFE5A2A322E16B39006172BF = {
			isa = PBXGroup;
			children = (
				CFE5A2AE22E16B39006172BF /* WebAPIProject */,
				CFE5A2AD22E16B39006172BF /* Products */,
			);
			sourceTree = "<group>";
		};
		CFE5A2AD22E16B39006172BF /* Products */ = {
			isa = PBXGroup;
			children = (
				CFE5A2AC22E16B39006172BF /* WebAPIProject.app */,
			);
			name = Products;
			sourceTree = "<group>";
		};
		CFE5A2AE22E16B39006172BF /* WebAPIProject */ = {
			isa = PBXGroup;
			children = (
				CFE5A2AF22E16B39006172BF /* AppDelegate.swift */,
				CFE5A2B122E16B39006172BF /* ViewController.swift */,
				CFE5A2B322E16B39006172BF /* Main.storyboard */,
				CFE5A2C122E16C16006172BF /* CustomCollectionViewCell.swift */,
				CFE5A2C222E16C16006172BF /* CustomCollectionViewCell.xib */,
				CFE5A2B622E16B3B006172BF /* Assets.xcassets */,
				CFE5A2B822E16B3B006172BF /* LaunchScreen.storyboard */,
				CFE5A2BB22E16B3B006172BF /* Info.plist */,
			);
			path = WebAPIProject;
			sourceTree = "<group>";
		};
/* End PBXGroup section */

/* Begin PBXNativeTarget section */
		CFE5A2AB22E16B39006172BF /* WebAPIProject */ = {
			isa = PBXNativeTarget;
			buildConfigurationList = CFE5A2BE22E16B3B006172BF /* Build configuration list for PBXNativeTarget "WebAPIProject" */;
			buildPhases = (
				CFE5A2A822E16B39006172BF /* Sources */,
				CFE5A2A922E16B39006172BF /* Frameworks */,
				CFE5A2AA22E16B39006172BF /* Resources */,
			);
			buildRules = (
			);
			dependencies = (
			);
			name = WebAPIProject;
			productName = WebAPIProject;
			productReference = CFE5A2AC22E16B39006172BF /* WebAPIProject.app */;
			productType = "com.apple.product-type.application";
		};
/* End PBXNativeTarget section */

/* Begin PBXProject section */
		CFE5A2A422E16B39006172BF /* Project object */ = {
			isa = PBXProject;
			attributes = {
				LastSwiftUpdateCheck = 1020;
				LastUpgradeCheck = 1020;
				ORGANIZATIONNAME = "星みちる";
				TargetAttributes = {
					CFE5A2AB22E16B39006172BF = {
						CreatedOnToolsVersion = 10.2.1;
					};
				};
			};
			buildConfigurationList = CFE5A2A722E16B39006172BF /* Build configuration list for PBXProject "WebAPIProject" */;
			compatibilityVersion = "Xcode 9.3";
			developmentRegion = en;
			hasScannedForEncodings = 0;
			knownRegions = (
				en,
				Base,
			);
			mainGroup = CFE5A2A322E16B39006172BF;
			productRefGroup = CFE5A2AD22E16B39006172BF /* Products */;
			projectDirPath = "";
			projectRoot = "";
			targets = (
				CFE5A2AB22E16B39006172BF /* WebAPIProject */,
			);
		};
/* End PBXProject section */

/* Begin PBXResourcesBuildPhase section */
		CFE5A2AA22E16B39006172BF /* Resources */ = {
			isa = PBXResourcesBuildPhase;
			buildActionMask = 2147483647;
			files = (
				CFE5A2BA22E16B3B006172BF /* LaunchScreen.storyboard in Resources */,
				CFE5A2B722E16B3B006172BF /* Assets.xcassets in Resources */,
				CFE5A2B522E16B39006172BF /* Main.storyboard in Resources */,
				CFE5A2C422E16C16006172BF /* CustomCollectionViewCell.xib in Resources */,
			);
			runOnlyForDeploymentPostprocessing = 0;
		};
/* End PBXResourcesBuildPhase section */

/* Begin PBXSourcesBuildPhase section */
		CFE5A2A822E16B39006172BF /* Sources */ = {
			isa = PBXSourcesBuildPhase;
			buildActionMask = 2147483647;
			files = (
				CFE5A2B222E16B39006172BF /* ViewController.swift in Sources */,
				CFE5A2C322E16C16006172BF /* CustomCollectionViewCell.swift in Sources */,
				CFE5A2B022E16B39006172BF /* AppDelegate.swift in Sources */,
			);
			runOnlyForDeploymentPostprocessing = 0;
		};
/* End PBXSourcesBuildPhase section */

/* Begin PBXVariantGroup section */
		CFE5A2B322E16B39006172BF /* Main.storyboard */ = {
			isa = PBXVariantGroup;
			children = (
				CFE5A2B422E16B39006172BF /* Base */,
			);
			name = Main.storyboard;
			sourceTree = "<group>";
		};
		CFE5A2B822E16B3B006172BF /* LaunchScreen.storyboard */ = {
			isa = PBXVariantGroup;
			children = (
				CFE5A2B922E16B3B006172BF /* Base */,
			);
			name = LaunchScreen.storyboard;
			sourceTree = "<group>";
		};
/* End PBXVariantGroup section */

/* Begin XCBuildConfiguration section */
		CFE5A2BC22E16B3B006172BF /* Debug */ = {
			isa = XCBuildConfiguration;
			buildSettings = {
				ALWAYS_SEARCH_USER_PATHS = NO;
				CLANG_ANALYZER_NONNULL = YES;
				CLANG_ANALYZER_NUMBER_OBJECT_CONVERSION = YES_AGGRESSIVE;
				CLANG_CXX_LANGUAGE_STANDARD = "gnu++14";
				CLANG_CXX_LIBRARY = "libc++";
				CLANG_ENABLE_MODULES = YES;
				CLANG_ENABLE_OBJC_ARC = YES;
				CLANG_ENABLE_OBJC_WEAK = YES;
				CLANG_WARN_BLOCK_CAPTURE_AUTORELEASING = YES;
				CLANG_WARN_BOOL_CONVERSION = YES;
				CLANG_WARN_COMMA = YES;
				CLANG_WARN_CONSTANT_CONVERSION = YES;
				CLANG_WARN_DEPRECATED_OBJC_IMPLEMENTATIONS = YES;
				CLANG_WARN_DIRECT_OBJC_ISA_USAGE = YES_ERROR;
				CLANG_WARN_DOCUMENTATION_COMMENTS = YES;
				CLANG_WARN_EMPTY_BODY = YES;
				CLANG_WARN_ENUM_CONVERSION = YES;
				CLANG_WARN_INFINITE_RECURSION = YES;
				CLANG_WARN_INT_CONVERSION = YES;
				CLANG_WARN_NON_LITERAL_NULL_CONVERSION = YES;
				CLANG_WARN_OBJC_IMPLICIT_RETAIN_SELF = YES;
				CLANG_WARN_OBJC_LITERAL_CONVERSION = YES;
				CLANG_WARN_OBJC_ROOT_CLASS = YES_ERROR;
				CLANG_WARN_RANGE_LOOP_ANALYSIS = YES;
				CLANG_WARN_STRICT_PROTOTYPES = YES;
				CLANG_WARN_SUSPICIOUS_MOVE = YES;
				CLANG_WARN_UNGUARDED_AVAILABILITY = YES_AGGRESSIVE;
				CLANG_WARN_UNREACHABLE_CODE = YES;
				CLANG_WARN__DUPLICATE_METHOD_MATCH = YES;
				CODE_SIGN_IDENTITY = "iPhone Developer";
				COPY_PHASE_STRIP = NO;
				DEBUG_INFORMATION_FORMAT = dwarf;
				ENABLE_STRICT_OBJC_MSGSEND = YES;
				ENABLE_TESTABILITY = YES;
				GCC_C_LANGUAGE_STANDARD = gnu11;
				GCC_DYNAMIC_NO_PIC = NO;
				GCC_NO_COMMON_BLOCKS = YES;
				GCC_OPTIMIZATION_LEVEL = 0;
				GCC_PREPROCESSOR_DEFINITIONS = (
					"DEBUG=1",
					"$(inherited)",
				);
				GCC_WARN_64_TO_32_BIT_CONVERSION = YES;
				GCC_WARN_ABOUT_RETURN_TYPE = YES_ERROR;
				GCC_WARN_UNDECLARED_SELECTOR = YES;
				GCC_WARN_UNINITIALIZED_AUTOS = YES_AGGRESSIVE;
				GCC_WARN_UNUSED_FUNCTION = YES;
				GCC_WARN_UNUSED_VARIABLE = YES;
				IPHONEOS_DEPLOYMENT_TARGET = 12.2;
				MTL_ENABLE_DEBUG_INFO = INCLUDE_SOURCE;
				MTL_FAST_MATH = YES;
				ONLY_ACTIVE_ARCH = YES;
				SDKROOT = iphoneos;
				SWIFT_ACTIVE_COMPILATION_CONDITIONS = DEBUG;
				SWIFT_OPTIMIZATION_LEVEL = "-Onone";
			};
			name = Debug;
		};
		CFE5A2BD22E16B3B006172BF /* Release */ = {
			isa = XCBuildConfiguration;
			buildSettings = {
				ALWAYS_SEARCH_USER_PATHS = NO;
				CLANG_ANALYZER_NONNULL = YES;
				CLANG_ANALYZER_NUMBER_OBJECT_CONVERSION = YES_AGGRESSIVE;
				CLANG_CXX_LANGUAGE_STANDARD = "gnu++14";
				CLANG_CXX_LIBRARY = "libc++";
				CLANG_ENABLE_MODULES = YES;
				CLANG_ENABLE_OBJC_ARC = YES;
				CLANG_ENABLE_OBJC_WEAK = YES;
				CLANG_WARN_BLOCK_CAPTURE_AUTORELEASING = YES;
				CLANG_WARN_BOOL_CONVERSION = YES;
				CLANG_WARN_COMMA = YES;
				CLANG_WARN_CONSTANT_CONVERSION = YES;
				CLANG_WARN_DEPRECATED_OBJC_IMPLEMENTATIONS = YES;
				CLANG_WARN_DIRECT_OBJC_ISA_USAGE = YES_ERROR;
				CLANG_WARN_DOCUMENTATION_COMMENTS = YES;
				CLANG_WARN_EMPTY_BODY = YES;
				CLANG_WARN_ENUM_CONVERSION = YES;
				CLANG_WARN_INFINITE_RECURSION = YES;
				CLANG_WARN_INT_CONVERSION = YES;
				CLANG_WARN_NON_LITERAL_NULL_CONVERSION = YES;
				CLANG_WARN_OBJC_IMPLICIT_RETAIN_SELF = YES;
				CLANG_WARN_OBJC_LITERAL_CONVERSION = YES;
				CLANG_WARN_OBJC_ROOT_CLASS = YES_ERROR;
				CLANG_WARN_RANGE_LOOP_ANALYSIS = YES;
				CLANG_WARN_STRICT_PROTOTYPES = YES;
				CLANG_WARN_SUSPICIOUS_MOVE = YES;
				CLANG_WARN_UNGUARDED_AVAILABILITY = YES_AGGRESSIVE;
				CLANG_WARN_UNREACHABLE_CODE = YES;
				CLANG_WARN__DUPLICATE_METHOD_MATCH = YES;
				CODE_SIGN_IDENTITY = "iPhone Developer";
				COPY_PHASE_STRIP = NO;
				DEBUG_INFORMATION_FORMAT = "dwarf-with-dsym";
				ENABLE_NS_ASSERTIONS = NO;
				ENABLE_STRICT_OBJC_MSGSEND = YES;
				GCC_C_LANGUAGE_STANDARD = gnu11;
				GCC_NO_COMMON_BLOCKS = YES;
				GCC_WARN_64_TO_32_BIT_CONVERSION = YES;
				GCC_WARN_ABOUT_RETURN_TYPE = YES_ERROR;
				GCC_WARN_UNDECLARED_SELECTOR = YES;
				GCC_WARN_UNINITIALIZED_AUTOS = YES_AGGRESSIVE;
				GCC_WARN_UNUSED_FUNCTION = YES;
				GCC_WARN_UNUSED_VARIABLE = YES;
				IPHONEOS_DEPLOYMENT_TARGET = 12.2;
				MTL_ENABLE_DEBUG_INFO = NO;
				MTL_FAST_MATH = YES;
				SDKROOT = iphoneos;
				SWIFT_COMPILATION_MODE = wholemodule;
				SWIFT_OPTIMIZATION_LEVEL = "-O";
				VALIDATE_PRODUCT = YES;
			};
			name = Release;
		};
		CFE5A2BF22E16B3B006172BF /* Debug */ = {
			isa = XCBuildConfiguration;
			buildSettings = {
				ASSETCATALOG_COMPILER_APPICON_NAME = AppIcon;
				CODE_SIGN_STYLE = Automatic;
				DEVELOPMENT_TEAM = T3JJMLVQ43;
				INFOPLIST_FILE = WebAPIProject/Info.plist;
				LD_RUNPATH_SEARCH_PATHS = (
					"$(inherited)",
					"@executable_path/Frameworks",
				);
				PRODUCT_BUNDLE_IDENTIFIER = myself.WebAPIProject;
				PRODUCT_NAME = "$(TARGET_NAME)";
				SWIFT_VERSION = 5.0;
				TARGETED_DEVICE_FAMILY = "1,2";
			};
			name = Debug;
		};
		CFE5A2C022E16B3B006172BF /* Release */ = {
			isa = XCBuildConfiguration;
			buildSettings = {
				ASSETCATALOG_COMPILER_APPICON_NAME = AppIcon;
				CODE_SIGN_STYLE = Automatic;
				DEVELOPMENT_TEAM = T3JJMLVQ43;
				INFOPLIST_FILE = WebAPIProject/Info.plist;
				LD_RUNPATH_SEARCH_PATHS = (
					"$(inherited)",
					"@executable_path/Frameworks",
				);
				PRODUCT_BUNDLE_IDENTIFIER = myself.WebAPIProject;
				PRODUCT_NAME = "$(TARGET_NAME)";
				SWIFT_VERSION = 5.0;
				TARGETED_DEVICE_FAMILY = "1,2";
			};
			name = Release;
		};
/* End XCBuildConfiguration section */

/* Begin XCConfigurationList section */
		CFE5A2A722E16B39006172BF /* Build configuration list for PBXProject "WebAPIProject" */ = {
			isa = XCConfigurationList;
			buildConfigurations = (
				CFE5A2BC22E16B3B006172BF /* Debug */,
				CFE5A2BD22E16B3B006172BF /* Release */,
			);
			defaultConfigurationIsVisible = 0;
			defaultConfigurationName = Release;
		};
		CFE5A2BE22E16B3B006172BF /* Build configuration list for PBXNativeTarget "WebAPIProject" */ = {
			isa = XCConfigurationList;
			buildConfigurations = (
				CFE5A2BF22E16B3B006172BF /* Debug */,
				CFE5A2C022E16B3B006172BF /* Release */,
			);
			defaultConfigurationIsVisible = 0;
			defaultConfigurationName = Release;
		};
/* End XCConfigurationList section */
	};
	rootObject = CFE5A2A422E16B39006172BF /* Project object */;
}
